// !$*UTF8*$!
{
	archiveVersion = 1;
	classes = {
	};
	objectVersion = 48;
	objects = {

/* Begin PBXBuildFile section */
		34136B76BD481933CAB67402 /* Pods_GuitarBuddy.framework in Frameworks */ = {isa = PBXBuildFile; fileRef = C615A1C84718E4F5AF4CDDCE /* Pods_GuitarBuddy.framework */; };
		440F88681FD86ED400806B5F /* AppDelegate.swift in Sources */ = {isa = PBXBuildFile; fileRef = 440F88671FD86ED400806B5F /* AppDelegate.swift */; };
		440F886F1FD86ED400806B5F /* Assets.xcassets in Resources */ = {isa = PBXBuildFile; fileRef = 440F886E1FD86ED400806B5F /* Assets.xcassets */; };
		440F88721FD86ED400806B5F /* LaunchScreen.storyboard in Resources */ = {isa = PBXBuildFile; fileRef = 440F88701FD86ED400806B5F /* LaunchScreen.storyboard */; };
		440F887D1FD86ED500806B5F /* GuitarBuddyTests.swift in Sources */ = {isa = PBXBuildFile; fileRef = 440F887C1FD86ED500806B5F /* GuitarBuddyTests.swift */; };
		440F88881FD86ED500806B5F /* GuitarBuddyUITests.swift in Sources */ = {isa = PBXBuildFile; fileRef = 440F88871FD86ED500806B5F /* GuitarBuddyUITests.swift */; };
		440F88A81FD8708E00806B5F /* update_acknowledgements_html.sh in Resources */ = {isa = PBXBuildFile; fileRef = 440F88A71FD8708E00806B5F /* update_acknowledgements_html.sh */; };
		442B09901FD87324004EDF48 /* SPRingboard.framework in Frameworks */ = {isa = PBXBuildFile; fileRef = 442B098D1FD872E8004EDF48 /* SPRingboard.framework */; };
		442B09911FD87324004EDF48 /* SPRingboard.framework in Embed Frameworks */ = {isa = PBXBuildFile; fileRef = 442B098D1FD872E8004EDF48 /* SPRingboard.framework */; settings = {ATTRIBUTES = (CodeSignOnCopy, RemoveHeadersOnCopy, ); }; };
		442B09961FD87837004EDF48 /* GoogleService-Info.plist in Resources */ = {isa = PBXBuildFile; fileRef = 442B09951FD87837004EDF48 /* GoogleService-Info.plist */; };
		442B099C1FD87988004EDF48 /* LaunchFlowController.swift in Sources */ = {isa = PBXBuildFile; fileRef = 442B099B1FD87988004EDF48 /* LaunchFlowController.swift */; };
		442B099F1FD87A65004EDF48 /* NotificationName+GuitarBuddy.swift in Sources */ = {isa = PBXBuildFile; fileRef = 442B099E1FD87A65004EDF48 /* NotificationName+GuitarBuddy.swift */; };
		442B09A11FD87B6C004EDF48 /* InitialViewController.swift in Sources */ = {isa = PBXBuildFile; fileRef = 442B09A01FD87B6C004EDF48 /* InitialViewController.swift */; };
		442B09A31FD87BC6004EDF48 /* Initial.storyboard in Resources */ = {isa = PBXBuildFile; fileRef = 442B09A21FD87BC6004EDF48 /* Initial.storyboard */; };
		442B09A51FD87C36004EDF48 /* Setup.storyboard in Resources */ = {isa = PBXBuildFile; fileRef = 442B09A41FD87C36004EDF48 /* Setup.storyboard */; };
		442B09A71FD87C80004EDF48 /* Authenticated.storyboard in Resources */ = {isa = PBXBuildFile; fileRef = 442B09A61FD87C80004EDF48 /* Authenticated.storyboard */; };
		442B09A91FD88415004EDF48 /* CreateAccountTableViewController.swift in Sources */ = {isa = PBXBuildFile; fileRef = 442B09A81FD88415004EDF48 /* CreateAccountTableViewController.swift */; };
		442B09B11FD8869F004EDF48 /* GuitarBuddyClient.swift in Sources */ = {isa = PBXBuildFile; fileRef = 442B09B01FD8869F004EDF48 /* GuitarBuddyClient.swift */; };
		442B09B41FD8870B004EDF48 /* GBClientResponse.swift in Sources */ = {isa = PBXBuildFile; fileRef = 442B09B31FD8870B004EDF48 /* GBClientResponse.swift */; };
		442B09B61FD89EC9004EDF48 /* CreateAccountRequest.swift in Sources */ = {isa = PBXBuildFile; fileRef = 442B09B51FD89EC9004EDF48 /* CreateAccountRequest.swift */; };
		442B09B81FD8A0CD004EDF48 /* Environment.swift in Sources */ = {isa = PBXBuildFile; fileRef = 442B09B71FD8A0CD004EDF48 /* Environment.swift */; };
		442B09BE1FD8A3F9004EDF48 /* GuitarBuddyUser.swift in Sources */ = {isa = PBXBuildFile; fileRef = 442B09BD1FD8A3F9004EDF48 /* GuitarBuddyUser.swift */; };
		44770E5D1FD8D0B800EFF597 /* MultTextFieldValidator.swift in Sources */ = {isa = PBXBuildFile; fileRef = 44770E5C1FD8D0B800EFF597 /* MultTextFieldValidator.swift */; };
		44AD2BB41FDF5FF000A79F7B /* GBPasswordValidator.swift in Sources */ = {isa = PBXBuildFile; fileRef = 44AD2BB31FDF5FF000A79F7B /* GBPasswordValidator.swift */; };
		44AD2BB71FDF605100A79F7B /* ValidationError.swift in Sources */ = {isa = PBXBuildFile; fileRef = 44AD2BB61FDF605100A79F7B /* ValidationError.swift */; };
		44AD2BBB1FDF9ED400A79F7B /* SignInCommand.swift in Sources */ = {isa = PBXBuildFile; fileRef = 44AD2BBA1FDF9ED400A79F7B /* SignInCommand.swift */; };
		44AD2BC11FE0428F00A79F7B /* ErrorMapper.swift in Sources */ = {isa = PBXBuildFile; fileRef = 44AD2BC01FE0428F00A79F7B /* ErrorMapper.swift */; };
		44D2EB2F1FD901C200C3AFAB /* CreateAccountCoordinatorViewController.swift in Sources */ = {isa = PBXBuildFile; fileRef = 44D2EB2E1FD901C200C3AFAB /* CreateAccountCoordinatorViewController.swift */; };
		44D2EB311FD901D200C3AFAB /* CreateAccountFooterViewController.swift in Sources */ = {isa = PBXBuildFile; fileRef = 44D2EB301FD901D200C3AFAB /* CreateAccountFooterViewController.swift */; };
		44D2EB331FD9026F00C3AFAB /* CreateAccountHeaderViewController.swift in Sources */ = {isa = PBXBuildFile; fileRef = 44D2EB321FD9026F00C3AFAB /* CreateAccountHeaderViewController.swift */; };
		44DBD8C61FD8A4BB0023D2CC /* GuitarBuddyError.swift in Sources */ = {isa = PBXBuildFile; fileRef = 44DBD8C51FD8A4BB0023D2CC /* GuitarBuddyError.swift */; };
		44DBD8C81FD8A6DA0023D2CC /* CreateAccountCommand.swift in Sources */ = {isa = PBXBuildFile; fileRef = 44DBD8C71FD8A6DA0023D2CC /* CreateAccountCommand.swift */; };
		44DBD8CA1FD8AEF60023D2CC /* UIViewController+GuitarBuddy.swift in Sources */ = {isa = PBXBuildFile; fileRef = 44DBD8C91FD8AEF60023D2CC /* UIViewController+GuitarBuddy.swift */; };
		44F1B7E21FD9DEED004A2850 /* LoginViewController.swift in Sources */ = {isa = PBXBuildFile; fileRef = 44F1B7E11FD9DEED004A2850 /* LoginViewController.swift */; };
		44F1B7E51FD9E390004A2850 /* ReadAuthenticationStateCommand.swift in Sources */ = {isa = PBXBuildFile; fileRef = 44F1B7E41FD9E390004A2850 /* ReadAuthenticationStateCommand.swift */; };
		44F1B7E71FD9E8E9004A2850 /* SignOutCommand.swift in Sources */ = {isa = PBXBuildFile; fileRef = 44F1B7E61FD9E8E9004A2850 /* SignOutCommand.swift */; };
		610363F51FE3325900DBD222 /* Song.swift in Sources */ = {isa = PBXBuildFile; fileRef = 610363F41FE3325900DBD222 /* Song.swift */; };
		610363F81FE333A600DBD222 /* SongScreenModel.swift in Sources */ = {isa = PBXBuildFile; fileRef = 610363F71FE333A600DBD222 /* SongScreenModel.swift */; };
		610363FA1FE333EF00DBD222 /* ReadSongsCommand.swift in Sources */ = {isa = PBXBuildFile; fileRef = 610363F91FE333EF00DBD222 /* ReadSongsCommand.swift */; };
		610363FC1FE3366E00DBD222 /* GuitarBuddyCommandHelper.swift in Sources */ = {isa = PBXBuildFile; fileRef = 610363FB1FE3366E00DBD222 /* GuitarBuddyCommandHelper.swift */; };
		610363FE1FE337D000DBD222 /* MySongsTableViewCell.swift in Sources */ = {isa = PBXBuildFile; fileRef = 610363FD1FE337D000DBD222 /* MySongsTableViewCell.swift */; };
		610364001FE345BF00DBD222 /* ShadowView.swift in Sources */ = {isa = PBXBuildFile; fileRef = 610363FF1FE345BF00DBD222 /* ShadowView.swift */; };
		61223C3B1FEC221B00BFBAF0 /* AddSongTableViewController.swift in Sources */ = {isa = PBXBuildFile; fileRef = 61223C3A1FEC221B00BFBAF0 /* AddSongTableViewController.swift */; };
		61223C3E1FEC25A700BFBAF0 /* GuitarBuddyTextField.swift in Sources */ = {isa = PBXBuildFile; fileRef = 61223C3D1FEC25A700BFBAF0 /* GuitarBuddyTextField.swift */; };
		61223C401FEC2D2C00BFBAF0 /* GuitarBuddyButton.swift in Sources */ = {isa = PBXBuildFile; fileRef = 61223C3F1FEC2D2C00BFBAF0 /* GuitarBuddyButton.swift */; };
		61223C421FECD45200BFBAF0 /* CreateSongRequest.swift in Sources */ = {isa = PBXBuildFile; fileRef = 61223C411FECD45200BFBAF0 /* CreateSongRequest.swift */; };
		61BEEE121FED731200D027CF /* CreateSongCommand.swift in Sources */ = {isa = PBXBuildFile; fileRef = 61BEEE111FED731200D027CF /* CreateSongCommand.swift */; };
		61D2C50B1FF17DE100A75AAD /* MySongs.storyboard in Resources */ = {isa = PBXBuildFile; fileRef = 61D2C50A1FF17DE100A75AAD /* MySongs.storyboard */; };
		61F6C20B1FE31A5800630DC2 /* MySongsTableViewController.swift in Sources */ = {isa = PBXBuildFile; fileRef = 61F6C20A1FE31A5800630DC2 /* MySongsTableViewController.swift */; };
		76E493BC3A9F47A27AF9902C /* Pods_GuitarBuddyUITests.framework in Frameworks */ = {isa = PBXBuildFile; fileRef = 887E73AEDB2ECC7BBE10482F /* Pods_GuitarBuddyUITests.framework */; };
		D737A225D27A788791EB79E4 /* Pods_GuitarBuddyTests.framework in Frameworks */ = {isa = PBXBuildFile; fileRef = 0BCFD18386EDAC88B0E2BF8D /* Pods_GuitarBuddyTests.framework */; };
/* End PBXBuildFile section */

/* Begin PBXContainerItemProxy section */
		440F88791FD86ED400806B5F /* PBXContainerItemProxy */ = {
			isa = PBXContainerItemProxy;
			containerPortal = 440F885C1FD86ED400806B5F /* Project object */;
			proxyType = 1;
			remoteGlobalIDString = 440F88631FD86ED400806B5F;
			remoteInfo = GuitarBuddy;
		};
		440F88841FD86ED500806B5F /* PBXContainerItemProxy */ = {
			isa = PBXContainerItemProxy;
			containerPortal = 440F885C1FD86ED400806B5F /* Project object */;
			proxyType = 1;
			remoteGlobalIDString = 440F88631FD86ED400806B5F;
			remoteInfo = GuitarBuddy;
		};
		442B098C1FD872E8004EDF48 /* PBXContainerItemProxy */ = {
			isa = PBXContainerItemProxy;
			containerPortal = 442B09871FD872E8004EDF48 /* SPRingboard.xcodeproj */;
			proxyType = 2;
			remoteGlobalIDString = F01C49801F7ADA5A00B88823;
			remoteInfo = "SPRingboard-iOS";
		};
		442B098E1FD872E8004EDF48 /* PBXContainerItemProxy */ = {
			isa = PBXContainerItemProxy;
			containerPortal = 442B09871FD872E8004EDF48 /* SPRingboard.xcodeproj */;
			proxyType = 2;
			remoteGlobalIDString = F01C49891F7ADA5A00B88823;
			remoteInfo = "SPRingboardTests-iOS";
		};
		442B09921FD87324004EDF48 /* PBXContainerItemProxy */ = {
			isa = PBXContainerItemProxy;
			containerPortal = 442B09871FD872E8004EDF48 /* SPRingboard.xcodeproj */;
			proxyType = 1;
			remoteGlobalIDString = F01C497F1F7ADA5A00B88823;
			remoteInfo = "SPRingboard-iOS";
		};
/* End PBXContainerItemProxy section */

/* Begin PBXCopyFilesBuildPhase section */
		442B09941FD87324004EDF48 /* Embed Frameworks */ = {
			isa = PBXCopyFilesBuildPhase;
			buildActionMask = 2147483647;
			dstPath = "";
			dstSubfolderSpec = 10;
			files = (
				442B09911FD87324004EDF48 /* SPRingboard.framework in Embed Frameworks */,
			);
			name = "Embed Frameworks";
			runOnlyForDeploymentPostprocessing = 0;
		};
/* End PBXCopyFilesBuildPhase section */

/* Begin PBXFileReference section */
		065F2EA0B020378B5A93A21D /* Pods-GuitarBuddy.debug.xcconfig */ = {isa = PBXFileReference; includeInIndex = 1; lastKnownFileType = text.xcconfig; name = "Pods-GuitarBuddy.debug.xcconfig"; path = "Pods/Target Support Files/Pods-GuitarBuddy/Pods-GuitarBuddy.debug.xcconfig"; sourceTree = "<group>"; };
		0BCFD18386EDAC88B0E2BF8D /* Pods_GuitarBuddyTests.framework */ = {isa = PBXFileReference; explicitFileType = wrapper.framework; includeInIndex = 0; path = Pods_GuitarBuddyTests.framework; sourceTree = BUILT_PRODUCTS_DIR; };
		162BA39A81846303936E01E1 /* Pods-GuitarBuddyUITests.debug.xcconfig */ = {isa = PBXFileReference; includeInIndex = 1; lastKnownFileType = text.xcconfig; name = "Pods-GuitarBuddyUITests.debug.xcconfig"; path = "Pods/Target Support Files/Pods-GuitarBuddyUITests/Pods-GuitarBuddyUITests.debug.xcconfig"; sourceTree = "<group>"; };
		440F88641FD86ED400806B5F /* GuitarBuddy.app */ = {isa = PBXFileReference; explicitFileType = wrapper.application; includeInIndex = 0; path = GuitarBuddy.app; sourceTree = BUILT_PRODUCTS_DIR; };
		440F88671FD86ED400806B5F /* AppDelegate.swift */ = {isa = PBXFileReference; lastKnownFileType = sourcecode.swift; path = AppDelegate.swift; sourceTree = "<group>"; };
		440F886E1FD86ED400806B5F /* Assets.xcassets */ = {isa = PBXFileReference; lastKnownFileType = folder.assetcatalog; path = Assets.xcassets; sourceTree = "<group>"; };
		440F88711FD86ED400806B5F /* Base */ = {isa = PBXFileReference; lastKnownFileType = file.storyboard; name = Base; path = Base.lproj/LaunchScreen.storyboard; sourceTree = "<group>"; };
		440F88731FD86ED400806B5F /* Info.plist */ = {isa = PBXFileReference; lastKnownFileType = text.plist.xml; path = Info.plist; sourceTree = "<group>"; };
		440F88781FD86ED400806B5F /* GuitarBuddyTests.xctest */ = {isa = PBXFileReference; explicitFileType = wrapper.cfbundle; includeInIndex = 0; path = GuitarBuddyTests.xctest; sourceTree = BUILT_PRODUCTS_DIR; };
		440F887C1FD86ED500806B5F /* GuitarBuddyTests.swift */ = {isa = PBXFileReference; lastKnownFileType = sourcecode.swift; path = GuitarBuddyTests.swift; sourceTree = "<group>"; };
		440F887E1FD86ED500806B5F /* Info.plist */ = {isa = PBXFileReference; lastKnownFileType = text.plist.xml; path = Info.plist; sourceTree = "<group>"; };
		440F88831FD86ED500806B5F /* GuitarBuddyUITests.xctest */ = {isa = PBXFileReference; explicitFileType = wrapper.cfbundle; includeInIndex = 0; path = GuitarBuddyUITests.xctest; sourceTree = BUILT_PRODUCTS_DIR; };
		440F88871FD86ED500806B5F /* GuitarBuddyUITests.swift */ = {isa = PBXFileReference; lastKnownFileType = sourcecode.swift; path = GuitarBuddyUITests.swift; sourceTree = "<group>"; };
		440F88891FD86ED500806B5F /* Info.plist */ = {isa = PBXFileReference; lastKnownFileType = text.plist.xml; path = Info.plist; sourceTree = "<group>"; };
		440F88A71FD8708E00806B5F /* update_acknowledgements_html.sh */ = {isa = PBXFileReference; fileEncoding = 4; lastKnownFileType = text.script.sh; path = update_acknowledgements_html.sh; sourceTree = "<group>"; };
		442B09871FD872E8004EDF48 /* SPRingboard.xcodeproj */ = {isa = PBXFileReference; lastKnownFileType = "wrapper.pb-project"; name = SPRingboard.xcodeproj; path = Vendor/SPR/SPRingboard/SPRingboard.xcodeproj; sourceTree = "<group>"; };
		442B09951FD87837004EDF48 /* GoogleService-Info.plist */ = {isa = PBXFileReference; fileEncoding = 4; lastKnownFileType = text.plist.xml; path = "GoogleService-Info.plist"; sourceTree = "<group>"; };
		442B099B1FD87988004EDF48 /* LaunchFlowController.swift */ = {isa = PBXFileReference; lastKnownFileType = sourcecode.swift; path = LaunchFlowController.swift; sourceTree = "<group>"; };
		442B099E1FD87A65004EDF48 /* NotificationName+GuitarBuddy.swift */ = {isa = PBXFileReference; lastKnownFileType = sourcecode.swift; path = "NotificationName+GuitarBuddy.swift"; sourceTree = "<group>"; };
		442B09A01FD87B6C004EDF48 /* InitialViewController.swift */ = {isa = PBXFileReference; lastKnownFileType = sourcecode.swift; path = InitialViewController.swift; sourceTree = "<group>"; };
		442B09A21FD87BC6004EDF48 /* Initial.storyboard */ = {isa = PBXFileReference; lastKnownFileType = file.storyboard; path = Initial.storyboard; sourceTree = "<group>"; };
		442B09A41FD87C36004EDF48 /* Setup.storyboard */ = {isa = PBXFileReference; lastKnownFileType = file.storyboard; path = Setup.storyboard; sourceTree = "<group>"; };
		442B09A61FD87C80004EDF48 /* Authenticated.storyboard */ = {isa = PBXFileReference; lastKnownFileType = file.storyboard; path = Authenticated.storyboard; sourceTree = "<group>"; };
		442B09A81FD88415004EDF48 /* CreateAccountTableViewController.swift */ = {isa = PBXFileReference; lastKnownFileType = sourcecode.swift; path = CreateAccountTableViewController.swift; sourceTree = "<group>"; };
		442B09B01FD8869F004EDF48 /* GuitarBuddyClient.swift */ = {isa = PBXFileReference; lastKnownFileType = sourcecode.swift; path = GuitarBuddyClient.swift; sourceTree = "<group>"; };
		442B09B31FD8870B004EDF48 /* GBClientResponse.swift */ = {isa = PBXFileReference; lastKnownFileType = sourcecode.swift; path = GBClientResponse.swift; sourceTree = "<group>"; };
		442B09B51FD89EC9004EDF48 /* CreateAccountRequest.swift */ = {isa = PBXFileReference; lastKnownFileType = sourcecode.swift; path = CreateAccountRequest.swift; sourceTree = "<group>"; };
		442B09B71FD8A0CD004EDF48 /* Environment.swift */ = {isa = PBXFileReference; lastKnownFileType = sourcecode.swift; path = Environment.swift; sourceTree = "<group>"; };
		442B09BD1FD8A3F9004EDF48 /* GuitarBuddyUser.swift */ = {isa = PBXFileReference; lastKnownFileType = sourcecode.swift; path = GuitarBuddyUser.swift; sourceTree = "<group>"; };
		44770E5C1FD8D0B800EFF597 /* MultTextFieldValidator.swift */ = {isa = PBXFileReference; lastKnownFileType = sourcecode.swift; path = MultTextFieldValidator.swift; sourceTree = "<group>"; };
		44AD2BB31FDF5FF000A79F7B /* GBPasswordValidator.swift */ = {isa = PBXFileReference; lastKnownFileType = sourcecode.swift; path = GBPasswordValidator.swift; sourceTree = "<group>"; };
		44AD2BB61FDF605100A79F7B /* ValidationError.swift */ = {isa = PBXFileReference; lastKnownFileType = sourcecode.swift; path = ValidationError.swift; sourceTree = "<group>"; };
		44AD2BBA1FDF9ED400A79F7B /* SignInCommand.swift */ = {isa = PBXFileReference; lastKnownFileType = sourcecode.swift; path = SignInCommand.swift; sourceTree = "<group>"; };
		44AD2BC01FE0428F00A79F7B /* ErrorMapper.swift */ = {isa = PBXFileReference; lastKnownFileType = sourcecode.swift; path = ErrorMapper.swift; sourceTree = "<group>"; };
		44D2EB2E1FD901C200C3AFAB /* CreateAccountCoordinatorViewController.swift */ = {isa = PBXFileReference; lastKnownFileType = sourcecode.swift; path = CreateAccountCoordinatorViewController.swift; sourceTree = "<group>"; };
		44D2EB301FD901D200C3AFAB /* CreateAccountFooterViewController.swift */ = {isa = PBXFileReference; lastKnownFileType = sourcecode.swift; path = CreateAccountFooterViewController.swift; sourceTree = "<group>"; };
		44D2EB321FD9026F00C3AFAB /* CreateAccountHeaderViewController.swift */ = {isa = PBXFileReference; lastKnownFileType = sourcecode.swift; path = CreateAccountHeaderViewController.swift; sourceTree = "<group>"; };
		44DBD8C51FD8A4BB0023D2CC /* GuitarBuddyError.swift */ = {isa = PBXFileReference; lastKnownFileType = sourcecode.swift; path = GuitarBuddyError.swift; sourceTree = "<group>"; };
		44DBD8C71FD8A6DA0023D2CC /* CreateAccountCommand.swift */ = {isa = PBXFileReference; lastKnownFileType = sourcecode.swift; path = CreateAccountCommand.swift; sourceTree = "<group>"; };
		44DBD8C91FD8AEF60023D2CC /* UIViewController+GuitarBuddy.swift */ = {isa = PBXFileReference; lastKnownFileType = sourcecode.swift; path = "UIViewController+GuitarBuddy.swift"; sourceTree = "<group>"; };
		44F1B7E11FD9DEED004A2850 /* LoginViewController.swift */ = {isa = PBXFileReference; lastKnownFileType = sourcecode.swift; path = LoginViewController.swift; sourceTree = "<group>"; };
		44F1B7E41FD9E390004A2850 /* ReadAuthenticationStateCommand.swift */ = {isa = PBXFileReference; lastKnownFileType = sourcecode.swift; path = ReadAuthenticationStateCommand.swift; sourceTree = "<group>"; };
		44F1B7E61FD9E8E9004A2850 /* SignOutCommand.swift */ = {isa = PBXFileReference; lastKnownFileType = sourcecode.swift; path = SignOutCommand.swift; sourceTree = "<group>"; };
		610363F41FE3325900DBD222 /* Song.swift */ = {isa = PBXFileReference; lastKnownFileType = sourcecode.swift; path = Song.swift; sourceTree = "<group>"; };
		610363F71FE333A600DBD222 /* SongScreenModel.swift */ = {isa = PBXFileReference; lastKnownFileType = sourcecode.swift; path = SongScreenModel.swift; sourceTree = "<group>"; };
		610363F91FE333EF00DBD222 /* ReadSongsCommand.swift */ = {isa = PBXFileReference; lastKnownFileType = sourcecode.swift; path = ReadSongsCommand.swift; sourceTree = "<group>"; };
		610363FB1FE3366E00DBD222 /* GuitarBuddyCommandHelper.swift */ = {isa = PBXFileReference; lastKnownFileType = sourcecode.swift; path = GuitarBuddyCommandHelper.swift; sourceTree = "<group>"; };
		610363FD1FE337D000DBD222 /* MySongsTableViewCell.swift */ = {isa = PBXFileReference; lastKnownFileType = sourcecode.swift; path = MySongsTableViewCell.swift; sourceTree = "<group>"; };
		610363FF1FE345BF00DBD222 /* ShadowView.swift */ = {isa = PBXFileReference; lastKnownFileType = sourcecode.swift; path = ShadowView.swift; sourceTree = "<group>"; };
		61223C3A1FEC221B00BFBAF0 /* AddSongTableViewController.swift */ = {isa = PBXFileReference; lastKnownFileType = sourcecode.swift; path = AddSongTableViewController.swift; sourceTree = "<group>"; };
		61223C3D1FEC25A700BFBAF0 /* GuitarBuddyTextField.swift */ = {isa = PBXFileReference; lastKnownFileType = sourcecode.swift; path = GuitarBuddyTextField.swift; sourceTree = "<group>"; };
		61223C3F1FEC2D2C00BFBAF0 /* GuitarBuddyButton.swift */ = {isa = PBXFileReference; lastKnownFileType = sourcecode.swift; path = GuitarBuddyButton.swift; sourceTree = "<group>"; };
		61223C411FECD45200BFBAF0 /* CreateSongRequest.swift */ = {isa = PBXFileReference; lastKnownFileType = sourcecode.swift; path = CreateSongRequest.swift; sourceTree = "<group>"; };
		61BEEE111FED731200D027CF /* CreateSongCommand.swift */ = {isa = PBXFileReference; lastKnownFileType = sourcecode.swift; path = CreateSongCommand.swift; sourceTree = "<group>"; };
		61D2C50A1FF17DE100A75AAD /* MySongs.storyboard */ = {isa = PBXFileReference; lastKnownFileType = file.storyboard; path = MySongs.storyboard; sourceTree = "<group>"; };
		61F6C20A1FE31A5800630DC2 /* MySongsTableViewController.swift */ = {isa = PBXFileReference; fileEncoding = 4; lastKnownFileType = sourcecode.swift; path = MySongsTableViewController.swift; sourceTree = "<group>"; };
		67C86E8E7BEE731E94826030 /* Pods-GuitarBuddyTests.release.xcconfig */ = {isa = PBXFileReference; includeInIndex = 1; lastKnownFileType = text.xcconfig; name = "Pods-GuitarBuddyTests.release.xcconfig"; path = "Pods/Target Support Files/Pods-GuitarBuddyTests/Pods-GuitarBuddyTests.release.xcconfig"; sourceTree = "<group>"; };
		887E73AEDB2ECC7BBE10482F /* Pods_GuitarBuddyUITests.framework */ = {isa = PBXFileReference; explicitFileType = wrapper.framework; includeInIndex = 0; path = Pods_GuitarBuddyUITests.framework; sourceTree = BUILT_PRODUCTS_DIR; };
		9BB2FFC0326577749A405E9E /* Pods-GuitarBuddyUITests.release.xcconfig */ = {isa = PBXFileReference; includeInIndex = 1; lastKnownFileType = text.xcconfig; name = "Pods-GuitarBuddyUITests.release.xcconfig"; path = "Pods/Target Support Files/Pods-GuitarBuddyUITests/Pods-GuitarBuddyUITests.release.xcconfig"; sourceTree = "<group>"; };
		C615A1C84718E4F5AF4CDDCE /* Pods_GuitarBuddy.framework */ = {isa = PBXFileReference; explicitFileType = wrapper.framework; includeInIndex = 0; path = Pods_GuitarBuddy.framework; sourceTree = BUILT_PRODUCTS_DIR; };
		D44BA3B1FC409E102196B1AD /* Pods-GuitarBuddyTests.debug.xcconfig */ = {isa = PBXFileReference; includeInIndex = 1; lastKnownFileType = text.xcconfig; name = "Pods-GuitarBuddyTests.debug.xcconfig"; path = "Pods/Target Support Files/Pods-GuitarBuddyTests/Pods-GuitarBuddyTests.debug.xcconfig"; sourceTree = "<group>"; };
		EEA71020EA3246CCE0218E33 /* Pods-GuitarBuddy.release.xcconfig */ = {isa = PBXFileReference; includeInIndex = 1; lastKnownFileType = text.xcconfig; name = "Pods-GuitarBuddy.release.xcconfig"; path = "Pods/Target Support Files/Pods-GuitarBuddy/Pods-GuitarBuddy.release.xcconfig"; sourceTree = "<group>"; };
/* End PBXFileReference section */

/* Begin PBXFrameworksBuildPhase section */
		440F88611FD86ED400806B5F /* Frameworks */ = {
			isa = PBXFrameworksBuildPhase;
			buildActionMask = 2147483647;
			files = (
				442B09901FD87324004EDF48 /* SPRingboard.framework in Frameworks */,
				34136B76BD481933CAB67402 /* Pods_GuitarBuddy.framework in Frameworks */,
			);
			runOnlyForDeploymentPostprocessing = 0;
		};
		440F88751FD86ED400806B5F /* Frameworks */ = {
			isa = PBXFrameworksBuildPhase;
			buildActionMask = 2147483647;
			files = (
				D737A225D27A788791EB79E4 /* Pods_GuitarBuddyTests.framework in Frameworks */,
			);
			runOnlyForDeploymentPostprocessing = 0;
		};
		440F88801FD86ED500806B5F /* Frameworks */ = {
			isa = PBXFrameworksBuildPhase;
			buildActionMask = 2147483647;
			files = (
				76E493BC3A9F47A27AF9902C /* Pods_GuitarBuddyUITests.framework in Frameworks */,
			);
			runOnlyForDeploymentPostprocessing = 0;
		};
/* End PBXFrameworksBuildPhase section */

/* Begin PBXGroup section */
		440F885B1FD86ED400806B5F = {
			isa = PBXGroup;
			children = (
				442B09871FD872E8004EDF48 /* SPRingboard.xcodeproj */,
				440F88661FD86ED400806B5F /* GuitarBuddy */,
				440F887B1FD86ED500806B5F /* GuitarBuddyTests */,
				440F88861FD86ED500806B5F /* GuitarBuddyUITests */,
				440F88651FD86ED400806B5F /* Products */,
				63BE62AA2FD588FD33A1DD5F /* Pods */,
				BBCBA85084781329554D2A6A /* Frameworks */,
			);
			sourceTree = "<group>";
		};
		440F88651FD86ED400806B5F /* Products */ = {
			isa = PBXGroup;
			children = (
				440F88641FD86ED400806B5F /* GuitarBuddy.app */,
				440F88781FD86ED400806B5F /* GuitarBuddyTests.xctest */,
				440F88831FD86ED500806B5F /* GuitarBuddyUITests.xctest */,
			);
			name = Products;
			sourceTree = "<group>";
		};
		440F88661FD86ED400806B5F /* GuitarBuddy */ = {
			isa = PBXGroup;
			children = (
				442B09951FD87837004EDF48 /* GoogleService-Info.plist */,
				440F88951FD86F6300806B5F /* Application */,
				440F88A61FD8707D00806B5F /* bin */,
				440F88961FD86F7D00806B5F /* DomainTier */,
				440F88971FD86F8600806B5F /* MiddleTier */,
				440F88991FD86F9400806B5F /* Shared */,
				440F88981FD86F8E00806B5F /* ViewTier */,
			);
			path = GuitarBuddy;
			sourceTree = "<group>";
		};
		440F887B1FD86ED500806B5F /* GuitarBuddyTests */ = {
			isa = PBXGroup;
			children = (
				440F887C1FD86ED500806B5F /* GuitarBuddyTests.swift */,
				440F887E1FD86ED500806B5F /* Info.plist */,
			);
			path = GuitarBuddyTests;
			sourceTree = "<group>";
		};
		440F88861FD86ED500806B5F /* GuitarBuddyUITests */ = {
			isa = PBXGroup;
			children = (
				440F88871FD86ED500806B5F /* GuitarBuddyUITests.swift */,
				440F88891FD86ED500806B5F /* Info.plist */,
			);
			path = GuitarBuddyUITests;
			sourceTree = "<group>";
		};
		440F88951FD86F6300806B5F /* Application */ = {
			isa = PBXGroup;
			children = (
				440F88671FD86ED400806B5F /* AppDelegate.swift */,
				440F88731FD86ED400806B5F /* Info.plist */,
				442B09B71FD8A0CD004EDF48 /* Environment.swift */,
			);
			path = Application;
			sourceTree = "<group>";
		};
		440F88961FD86F7D00806B5F /* DomainTier */ = {
			isa = PBXGroup;
			children = (
				440F889A1FD86FD000806B5F /* Connectors */,
				440F889B1FD86FD600806B5F /* Models */,
				440F889C1FD86FDE00806B5F /* WebServiceClient */,
			);
			path = DomainTier;
			sourceTree = "<group>";
		};
		440F88971FD86F8600806B5F /* MiddleTier */ = {
			isa = PBXGroup;
			children = (
				44AD2BBE1FE0427E00A79F7B /* Helpers */,
				440F889E1FD8700C00806B5F /* Commands */,
				440F889D1FD8700800806B5F /* Models */,
			);
			path = MiddleTier;
			sourceTree = "<group>";
		};
		440F88981FD86F8E00806B5F /* ViewTier */ = {
			isa = PBXGroup;
			children = (
				440F889F1FD8702200806B5F /* Application */,
				440F88A01FD8702700806B5F /* AssetCatalogs */,
				440F88A11FD8703100806B5F /* Extensions */,
				440F88A21FD8703E00806B5F /* Helpers */,
				440F88A31FD8704200806B5F /* Storyboards */,
				440F88A41FD8704D00806B5F /* UIViewControllers */,
				440F88A51FD8705900806B5F /* UIViews */,
			);
			path = ViewTier;
			sourceTree = "<group>";
		};
		440F88991FD86F9400806B5F /* Shared */ = {
			isa = PBXGroup;
			children = (
				44DBD8C51FD8A4BB0023D2CC /* GuitarBuddyError.swift */,
			);
			path = Shared;
			sourceTree = "<group>";
		};
		440F889A1FD86FD000806B5F /* Connectors */ = {
			isa = PBXGroup;
			children = (
			);
			path = Connectors;
			sourceTree = "<group>";
		};
		440F889B1FD86FD600806B5F /* Models */ = {
			isa = PBXGroup;
			children = (
				442B09B51FD89EC9004EDF48 /* CreateAccountRequest.swift */,
				61223C411FECD45200BFBAF0 /* CreateSongRequest.swift */,
				442B09B31FD8870B004EDF48 /* GBClientResponse.swift */,
				442B09BD1FD8A3F9004EDF48 /* GuitarBuddyUser.swift */,
				610363F41FE3325900DBD222 /* Song.swift */,
			);
			path = Models;
			sourceTree = "<group>";
		};
		440F889C1FD86FDE00806B5F /* WebServiceClient */ = {
			isa = PBXGroup;
			children = (
				442B09B01FD8869F004EDF48 /* GuitarBuddyClient.swift */,
			);
			path = WebServiceClient;
			sourceTree = "<group>";
		};
		440F889D1FD8700800806B5F /* Models */ = {
			isa = PBXGroup;
			children = (
				610363F71FE333A600DBD222 /* SongScreenModel.swift */,
			);
			path = Models;
			sourceTree = "<group>";
		};
		440F889E1FD8700C00806B5F /* Commands */ = {
			isa = PBXGroup;
			children = (
				44DBD8C71FD8A6DA0023D2CC /* CreateAccountCommand.swift */,
				61BEEE111FED731200D027CF /* CreateSongCommand.swift */,
				44F1B7E41FD9E390004A2850 /* ReadAuthenticationStateCommand.swift */,
				610363F91FE333EF00DBD222 /* ReadSongsCommand.swift */,
				44AD2BBA1FDF9ED400A79F7B /* SignInCommand.swift */,
				44F1B7E61FD9E8E9004A2850 /* SignOutCommand.swift */,
			);
			path = Commands;
			sourceTree = "<group>";
		};
		440F889F1FD8702200806B5F /* Application */ = {
			isa = PBXGroup;
			children = (
				442B099B1FD87988004EDF48 /* LaunchFlowController.swift */,
			);
			path = Application;
			sourceTree = "<group>";
		};
		440F88A01FD8702700806B5F /* AssetCatalogs */ = {
			isa = PBXGroup;
			children = (
				440F886E1FD86ED400806B5F /* Assets.xcassets */,
			);
			path = AssetCatalogs;
			sourceTree = "<group>";
		};
		440F88A11FD8703100806B5F /* Extensions */ = {
			isa = PBXGroup;
			children = (
				442B099E1FD87A65004EDF48 /* NotificationName+GuitarBuddy.swift */,
				44DBD8C91FD8AEF60023D2CC /* UIViewController+GuitarBuddy.swift */,
			);
			path = Extensions;
			sourceTree = "<group>";
		};
		440F88A21FD8703E00806B5F /* Helpers */ = {
			isa = PBXGroup;
			children = (
				44770E5C1FD8D0B800EFF597 /* MultTextFieldValidator.swift */,
				44AD2BB31FDF5FF000A79F7B /* GBPasswordValidator.swift */,
				44AD2BB61FDF605100A79F7B /* ValidationError.swift */,
			);
			path = Helpers;
			sourceTree = "<group>";
		};
		440F88A31FD8704200806B5F /* Storyboards */ = {
			isa = PBXGroup;
			children = (
				440F88701FD86ED400806B5F /* LaunchScreen.storyboard */,
				442B09A21FD87BC6004EDF48 /* Initial.storyboard */,
				442B09A41FD87C36004EDF48 /* Setup.storyboard */,
				442B09A61FD87C80004EDF48 /* Authenticated.storyboard */,
				61D2C50A1FF17DE100A75AAD /* MySongs.storyboard */,
			);
			path = Storyboards;
			sourceTree = "<group>";
		};
		440F88A41FD8704D00806B5F /* UIViewControllers */ = {
			isa = PBXGroup;
			children = (
				61223C3A1FEC221B00BFBAF0 /* AddSongTableViewController.swift */,
				44D2EB2E1FD901C200C3AFAB /* CreateAccountCoordinatorViewController.swift */,
				44D2EB301FD901D200C3AFAB /* CreateAccountFooterViewController.swift */,
				44D2EB321FD9026F00C3AFAB /* CreateAccountHeaderViewController.swift */,
				442B09A81FD88415004EDF48 /* CreateAccountTableViewController.swift */,
				442B09A01FD87B6C004EDF48 /* InitialViewController.swift */,
				44F1B7E11FD9DEED004A2850 /* LoginViewController.swift */,
				61F6C20A1FE31A5800630DC2 /* MySongsTableViewController.swift */,
			);
			path = UIViewControllers;
			sourceTree = "<group>";
		};
		440F88A51FD8705900806B5F /* UIViews */ = {
			isa = PBXGroup;
			children = (
				610363FD1FE337D000DBD222 /* MySongsTableViewCell.swift */,
				610363FF1FE345BF00DBD222 /* ShadowView.swift */,
				61223C3D1FEC25A700BFBAF0 /* GuitarBuddyTextField.swift */,
				61223C3F1FEC2D2C00BFBAF0 /* GuitarBuddyButton.swift */,
			);
			path = UIViews;
			sourceTree = "<group>";
		};
		440F88A61FD8707D00806B5F /* bin */ = {
			isa = PBXGroup;
			children = (
				440F88A71FD8708E00806B5F /* update_acknowledgements_html.sh */,
			);
			path = bin;
			sourceTree = "<group>";
		};
		442B09881FD872E8004EDF48 /* Products */ = {
			isa = PBXGroup;
			children = (
				442B098D1FD872E8004EDF48 /* SPRingboard.framework */,
				442B098F1FD872E8004EDF48 /* SPRingboardTests-iOS.xctest */,
			);
			name = Products;
			sourceTree = "<group>";
		};
		44AD2BBE1FE0427E00A79F7B /* Helpers */ = {
			isa = PBXGroup;
			children = (
				44AD2BC01FE0428F00A79F7B /* ErrorMapper.swift */,
				610363FB1FE3366E00DBD222 /* GuitarBuddyCommandHelper.swift */,
			);
			path = Helpers;
			sourceTree = "<group>";
		};
		63BE62AA2FD588FD33A1DD5F /* Pods */ = {
			isa = PBXGroup;
			children = (
				065F2EA0B020378B5A93A21D /* Pods-GuitarBuddy.debug.xcconfig */,
				EEA71020EA3246CCE0218E33 /* Pods-GuitarBuddy.release.xcconfig */,
				D44BA3B1FC409E102196B1AD /* Pods-GuitarBuddyTests.debug.xcconfig */,
				67C86E8E7BEE731E94826030 /* Pods-GuitarBuddyTests.release.xcconfig */,
				162BA39A81846303936E01E1 /* Pods-GuitarBuddyUITests.debug.xcconfig */,
				9BB2FFC0326577749A405E9E /* Pods-GuitarBuddyUITests.release.xcconfig */,
			);
			name = Pods;
			sourceTree = "<group>";
		};
		BBCBA85084781329554D2A6A /* Frameworks */ = {
			isa = PBXGroup;
			children = (
				C615A1C84718E4F5AF4CDDCE /* Pods_GuitarBuddy.framework */,
				0BCFD18386EDAC88B0E2BF8D /* Pods_GuitarBuddyTests.framework */,
				887E73AEDB2ECC7BBE10482F /* Pods_GuitarBuddyUITests.framework */,
			);
			name = Frameworks;
			sourceTree = "<group>";
		};
/* End PBXGroup section */

/* Begin PBXNativeTarget section */
		440F88631FD86ED400806B5F /* GuitarBuddy */ = {
			isa = PBXNativeTarget;
			buildConfigurationList = 440F888C1FD86ED500806B5F /* Build configuration list for PBXNativeTarget "GuitarBuddy" */;
			buildPhases = (
				07C620C3A408E0BFC42A0B79 /* [CP] Check Pods Manifest.lock */,
				440F88601FD86ED400806B5F /* Sources */,
				440F88611FD86ED400806B5F /* Frameworks */,
				440F88621FD86ED400806B5F /* Resources */,
				289CFBF661537292E842DC85 /* [CP] Embed Pods Frameworks */,
				276C302EDE6C6019D22A830B /* [CP] Copy Pods Resources */,
				442B09941FD87324004EDF48 /* Embed Frameworks */,
			);
			buildRules = (
			);
			dependencies = (
				442B09931FD87324004EDF48 /* PBXTargetDependency */,
			);
			name = GuitarBuddy;
			productName = GuitarBuddy;
			productReference = 440F88641FD86ED400806B5F /* GuitarBuddy.app */;
			productType = "com.apple.product-type.application";
		};
		440F88771FD86ED400806B5F /* GuitarBuddyTests */ = {
			isa = PBXNativeTarget;
			buildConfigurationList = 440F888F1FD86ED500806B5F /* Build configuration list for PBXNativeTarget "GuitarBuddyTests" */;
			buildPhases = (
				C15733CDF78F192A836134B8 /* [CP] Check Pods Manifest.lock */,
				440F88741FD86ED400806B5F /* Sources */,
				440F88751FD86ED400806B5F /* Frameworks */,
				440F88761FD86ED400806B5F /* Resources */,
				90FF07C7C60D9ADB3D261F8B /* [CP] Embed Pods Frameworks */,
				F9FB39CCEE09E12A060DA895 /* [CP] Copy Pods Resources */,
			);
			buildRules = (
			);
			dependencies = (
				440F887A1FD86ED400806B5F /* PBXTargetDependency */,
			);
			name = GuitarBuddyTests;
			productName = GuitarBuddyTests;
			productReference = 440F88781FD86ED400806B5F /* GuitarBuddyTests.xctest */;
			productType = "com.apple.product-type.bundle.unit-test";
		};
		440F88821FD86ED500806B5F /* GuitarBuddyUITests */ = {
			isa = PBXNativeTarget;
			buildConfigurationList = 440F88921FD86ED500806B5F /* Build configuration list for PBXNativeTarget "GuitarBuddyUITests" */;
			buildPhases = (
				33E83B2A4D3487D5BA00816E /* [CP] Check Pods Manifest.lock */,
				440F887F1FD86ED500806B5F /* Sources */,
				440F88801FD86ED500806B5F /* Frameworks */,
				440F88811FD86ED500806B5F /* Resources */,
				C4E1B27E648EF845776DF86F /* [CP] Embed Pods Frameworks */,
				CEC4B8F0D06607288674B8BC /* [CP] Copy Pods Resources */,
			);
			buildRules = (
			);
			dependencies = (
				440F88851FD86ED500806B5F /* PBXTargetDependency */,
			);
			name = GuitarBuddyUITests;
			productName = GuitarBuddyUITests;
			productReference = 440F88831FD86ED500806B5F /* GuitarBuddyUITests.xctest */;
			productType = "com.apple.product-type.bundle.ui-testing";
		};
/* End PBXNativeTarget section */

/* Begin PBXProject section */
		440F885C1FD86ED400806B5F /* Project object */ = {
			isa = PBXProject;
			attributes = {
				LastSwiftUpdateCheck = 0910;
				LastUpgradeCheck = 0910;
				ORGANIZATIONNAME = "Brad Siegel";
				TargetAttributes = {
					440F88631FD86ED400806B5F = {
						CreatedOnToolsVersion = 9.1;
						ProvisioningStyle = Automatic;
					};
					440F88771FD86ED400806B5F = {
						CreatedOnToolsVersion = 9.1;
						ProvisioningStyle = Automatic;
						TestTargetID = 440F88631FD86ED400806B5F;
					};
					440F88821FD86ED500806B5F = {
						CreatedOnToolsVersion = 9.1;
						ProvisioningStyle = Automatic;
						TestTargetID = 440F88631FD86ED400806B5F;
					};
				};
			};
			buildConfigurationList = 440F885F1FD86ED400806B5F /* Build configuration list for PBXProject "GuitarBuddy" */;
			compatibilityVersion = "Xcode 8.0";
			developmentRegion = en;
			hasScannedForEncodings = 0;
			knownRegions = (
				en,
				Base,
			);
			mainGroup = 440F885B1FD86ED400806B5F;
			productRefGroup = 440F88651FD86ED400806B5F /* Products */;
			projectDirPath = "";
			projectReferences = (
				{
					ProductGroup = 442B09881FD872E8004EDF48 /* Products */;
					ProjectRef = 442B09871FD872E8004EDF48 /* SPRingboard.xcodeproj */;
				},
			);
			projectRoot = "";
			targets = (
				440F88631FD86ED400806B5F /* GuitarBuddy */,
				440F88771FD86ED400806B5F /* GuitarBuddyTests */,
				440F88821FD86ED500806B5F /* GuitarBuddyUITests */,
			);
		};
/* End PBXProject section */

/* Begin PBXReferenceProxy section */
		442B098D1FD872E8004EDF48 /* SPRingboard.framework */ = {
			isa = PBXReferenceProxy;
			fileType = wrapper.framework;
			path = SPRingboard.framework;
			remoteRef = 442B098C1FD872E8004EDF48 /* PBXContainerItemProxy */;
			sourceTree = BUILT_PRODUCTS_DIR;
		};
		442B098F1FD872E8004EDF48 /* SPRingboardTests-iOS.xctest */ = {
			isa = PBXReferenceProxy;
			fileType = wrapper.cfbundle;
			path = "SPRingboardTests-iOS.xctest";
			remoteRef = 442B098E1FD872E8004EDF48 /* PBXContainerItemProxy */;
			sourceTree = BUILT_PRODUCTS_DIR;
		};
/* End PBXReferenceProxy section */

/* Begin PBXResourcesBuildPhase section */
		440F88621FD86ED400806B5F /* Resources */ = {
			isa = PBXResourcesBuildPhase;
			buildActionMask = 2147483647;
			files = (
				442B09A51FD87C36004EDF48 /* Setup.storyboard in Resources */,
				61D2C50B1FF17DE100A75AAD /* MySongs.storyboard in Resources */,
				440F88721FD86ED400806B5F /* LaunchScreen.storyboard in Resources */,
				440F88A81FD8708E00806B5F /* update_acknowledgements_html.sh in Resources */,
				442B09961FD87837004EDF48 /* GoogleService-Info.plist in Resources */,
				442B09A31FD87BC6004EDF48 /* Initial.storyboard in Resources */,
				442B09A71FD87C80004EDF48 /* Authenticated.storyboard in Resources */,
				440F886F1FD86ED400806B5F /* Assets.xcassets in Resources */,
			);
			runOnlyForDeploymentPostprocessing = 0;
		};
		440F88761FD86ED400806B5F /* Resources */ = {
			isa = PBXResourcesBuildPhase;
			buildActionMask = 2147483647;
			files = (
			);
			runOnlyForDeploymentPostprocessing = 0;
		};
		440F88811FD86ED500806B5F /* Resources */ = {
			isa = PBXResourcesBuildPhase;
			buildActionMask = 2147483647;
			files = (
			);
			runOnlyForDeploymentPostprocessing = 0;
		};
/* End PBXResourcesBuildPhase section */

/* Begin PBXShellScriptBuildPhase section */
		07C620C3A408E0BFC42A0B79 /* [CP] Check Pods Manifest.lock */ = {
			isa = PBXShellScriptBuildPhase;
			buildActionMask = 2147483647;
			files = (
			);
			inputPaths = (
				"${PODS_PODFILE_DIR_PATH}/Podfile.lock",
				"${PODS_ROOT}/Manifest.lock",
			);
			name = "[CP] Check Pods Manifest.lock";
			outputPaths = (
				"$(DERIVED_FILE_DIR)/Pods-GuitarBuddy-checkManifestLockResult.txt",
			);
			runOnlyForDeploymentPostprocessing = 0;
			shellPath = /bin/sh;
			shellScript = "diff \"${PODS_PODFILE_DIR_PATH}/Podfile.lock\" \"${PODS_ROOT}/Manifest.lock\" > /dev/null\nif [ $? != 0 ] ; then\n    # print error to STDERR\n    echo \"error: The sandbox is not in sync with the Podfile.lock. Run 'pod install' or update your CocoaPods installation.\" >&2\n    exit 1\nfi\n# This output is used by Xcode 'outputs' to avoid re-running this script phase.\necho \"SUCCESS\" > \"${SCRIPT_OUTPUT_FILE_0}\"\n";
			showEnvVarsInLog = 0;
		};
		276C302EDE6C6019D22A830B /* [CP] Copy Pods Resources */ = {
			isa = PBXShellScriptBuildPhase;
			buildActionMask = 2147483647;
			files = (
			);
			inputPaths = (
			);
			name = "[CP] Copy Pods Resources";
			outputPaths = (
			);
			runOnlyForDeploymentPostprocessing = 0;
			shellPath = /bin/sh;
			shellScript = "\"${SRCROOT}/Pods/Target Support Files/Pods-GuitarBuddy/Pods-GuitarBuddy-resources.sh\"\n";
			showEnvVarsInLog = 0;
		};
		289CFBF661537292E842DC85 /* [CP] Embed Pods Frameworks */ = {
			isa = PBXShellScriptBuildPhase;
			buildActionMask = 2147483647;
			files = (
			);
			inputPaths = (
				"${SRCROOT}/Pods/Target Support Files/Pods-GuitarBuddy/Pods-GuitarBuddy-frameworks.sh",
				"${BUILT_PRODUCTS_DIR}/Alamofire/Alamofire.framework",
				"${BUILT_PRODUCTS_DIR}/GTMSessionFetcher/GTMSessionFetcher.framework",
				"${BUILT_PRODUCTS_DIR}/GoogleToolboxForMac/GoogleToolboxForMac.framework",
				"${BUILT_PRODUCTS_DIR}/leveldb-library/leveldb.framework",
				"${BUILT_PRODUCTS_DIR}/nanopb/nanopb.framework",
			);
			name = "[CP] Embed Pods Frameworks";
			outputPaths = (
				"${TARGET_BUILD_DIR}/${FRAMEWORKS_FOLDER_PATH}/Alamofire.framework",
				"${TARGET_BUILD_DIR}/${FRAMEWORKS_FOLDER_PATH}/GTMSessionFetcher.framework",
				"${TARGET_BUILD_DIR}/${FRAMEWORKS_FOLDER_PATH}/GoogleToolboxForMac.framework",
				"${TARGET_BUILD_DIR}/${FRAMEWORKS_FOLDER_PATH}/leveldb.framework",
				"${TARGET_BUILD_DIR}/${FRAMEWORKS_FOLDER_PATH}/nanopb.framework",
			);
			runOnlyForDeploymentPostprocessing = 0;
			shellPath = /bin/sh;
			shellScript = "\"${SRCROOT}/Pods/Target Support Files/Pods-GuitarBuddy/Pods-GuitarBuddy-frameworks.sh\"\n";
			showEnvVarsInLog = 0;
		};
		33E83B2A4D3487D5BA00816E /* [CP] Check Pods Manifest.lock */ = {
			isa = PBXShellScriptBuildPhase;
			buildActionMask = 2147483647;
			files = (
			);
			inputPaths = (
				"${PODS_PODFILE_DIR_PATH}/Podfile.lock",
				"${PODS_ROOT}/Manifest.lock",
			);
			name = "[CP] Check Pods Manifest.lock";
			outputPaths = (
				"$(DERIVED_FILE_DIR)/Pods-GuitarBuddyUITests-checkManifestLockResult.txt",
			);
			runOnlyForDeploymentPostprocessing = 0;
			shellPath = /bin/sh;
			shellScript = "diff \"${PODS_PODFILE_DIR_PATH}/Podfile.lock\" \"${PODS_ROOT}/Manifest.lock\" > /dev/null\nif [ $? != 0 ] ; then\n    # print error to STDERR\n    echo \"error: The sandbox is not in sync with the Podfile.lock. Run 'pod install' or update your CocoaPods installation.\" >&2\n    exit 1\nfi\n# This output is used by Xcode 'outputs' to avoid re-running this script phase.\necho \"SUCCESS\" > \"${SCRIPT_OUTPUT_FILE_0}\"\n";
			showEnvVarsInLog = 0;
		};
		90FF07C7C60D9ADB3D261F8B /* [CP] Embed Pods Frameworks */ = {
			isa = PBXShellScriptBuildPhase;
			buildActionMask = 2147483647;
			files = (
			);
			inputPaths = (
			);
			name = "[CP] Embed Pods Frameworks";
			outputPaths = (
			);
			runOnlyForDeploymentPostprocessing = 0;
			shellPath = /bin/sh;
			shellScript = "\"${SRCROOT}/Pods/Target Support Files/Pods-GuitarBuddyTests/Pods-GuitarBuddyTests-frameworks.sh\"\n";
			showEnvVarsInLog = 0;
		};
		C15733CDF78F192A836134B8 /* [CP] Check Pods Manifest.lock */ = {
			isa = PBXShellScriptBuildPhase;
			buildActionMask = 2147483647;
			files = (
			);
			inputPaths = (
				"${PODS_PODFILE_DIR_PATH}/Podfile.lock",
				"${PODS_ROOT}/Manifest.lock",
			);
			name = "[CP] Check Pods Manifest.lock";
			outputPaths = (
				"$(DERIVED_FILE_DIR)/Pods-GuitarBuddyTests-checkManifestLockResult.txt",
			);
			runOnlyForDeploymentPostprocessing = 0;
			shellPath = /bin/sh;
			shellScript = "diff \"${PODS_PODFILE_DIR_PATH}/Podfile.lock\" \"${PODS_ROOT}/Manifest.lock\" > /dev/null\nif [ $? != 0 ] ; then\n    # print error to STDERR\n    echo \"error: The sandbox is not in sync with the Podfile.lock. Run 'pod install' or update your CocoaPods installation.\" >&2\n    exit 1\nfi\n# This output is used by Xcode 'outputs' to avoid re-running this script phase.\necho \"SUCCESS\" > \"${SCRIPT_OUTPUT_FILE_0}\"\n";
			showEnvVarsInLog = 0;
		};
		C4E1B27E648EF845776DF86F /* [CP] Embed Pods Frameworks */ = {
			isa = PBXShellScriptBuildPhase;
			buildActionMask = 2147483647;
			files = (
			);
			inputPaths = (
			);
			name = "[CP] Embed Pods Frameworks";
			outputPaths = (
			);
			runOnlyForDeploymentPostprocessing = 0;
			shellPath = /bin/sh;
			shellScript = "\"${SRCROOT}/Pods/Target Support Files/Pods-GuitarBuddyUITests/Pods-GuitarBuddyUITests-frameworks.sh\"\n";
			showEnvVarsInLog = 0;
		};
		CEC4B8F0D06607288674B8BC /* [CP] Copy Pods Resources */ = {
			isa = PBXShellScriptBuildPhase;
			buildActionMask = 2147483647;
			files = (
			);
			inputPaths = (
			);
			name = "[CP] Copy Pods Resources";
			outputPaths = (
			);
			runOnlyForDeploymentPostprocessing = 0;
			shellPath = /bin/sh;
			shellScript = "\"${SRCROOT}/Pods/Target Support Files/Pods-GuitarBuddyUITests/Pods-GuitarBuddyUITests-resources.sh\"\n";
			showEnvVarsInLog = 0;
		};
		F9FB39CCEE09E12A060DA895 /* [CP] Copy Pods Resources */ = {
			isa = PBXShellScriptBuildPhase;
			buildActionMask = 2147483647;
			files = (
			);
			inputPaths = (
			);
			name = "[CP] Copy Pods Resources";
			outputPaths = (
			);
			runOnlyForDeploymentPostprocessing = 0;
			shellPath = /bin/sh;
			shellScript = "\"${SRCROOT}/Pods/Target Support Files/Pods-GuitarBuddyTests/Pods-GuitarBuddyTests-resources.sh\"\n";
			showEnvVarsInLog = 0;
		};
/* End PBXShellScriptBuildPhase section */

/* Begin PBXSourcesBuildPhase section */
		440F88601FD86ED400806B5F /* Sources */ = {
			isa = PBXSourcesBuildPhase;
			buildActionMask = 2147483647;
			files = (
				61F6C20B1FE31A5800630DC2 /* MySongsTableViewController.swift in Sources */,
				44F1B7E21FD9DEED004A2850 /* LoginViewController.swift in Sources */,
				61223C401FEC2D2C00BFBAF0 /* GuitarBuddyButton.swift in Sources */,
				442B09B41FD8870B004EDF48 /* GBClientResponse.swift in Sources */,
				44D2EB311FD901D200C3AFAB /* CreateAccountFooterViewController.swift in Sources */,
				610364001FE345BF00DBD222 /* ShadowView.swift in Sources */,
				44AD2BB71FDF605100A79F7B /* ValidationError.swift in Sources */,
				610363F81FE333A600DBD222 /* SongScreenModel.swift in Sources */,
				44F1B7E71FD9E8E9004A2850 /* SignOutCommand.swift in Sources */,
				442B09A91FD88415004EDF48 /* CreateAccountTableViewController.swift in Sources */,
				44DBD8C81FD8A6DA0023D2CC /* CreateAccountCommand.swift in Sources */,
				442B09B61FD89EC9004EDF48 /* CreateAccountRequest.swift in Sources */,
				61BEEE121FED731200D027CF /* CreateSongCommand.swift in Sources */,
				442B09B11FD8869F004EDF48 /* GuitarBuddyClient.swift in Sources */,
				442B09A11FD87B6C004EDF48 /* InitialViewController.swift in Sources */,
				610363FE1FE337D000DBD222 /* MySongsTableViewCell.swift in Sources */,
				442B099F1FD87A65004EDF48 /* NotificationName+GuitarBuddy.swift in Sources */,
				44770E5D1FD8D0B800EFF597 /* MultTextFieldValidator.swift in Sources */,
				44AD2BBB1FDF9ED400A79F7B /* SignInCommand.swift in Sources */,
				442B099C1FD87988004EDF48 /* LaunchFlowController.swift in Sources */,
				44DBD8CA1FD8AEF60023D2CC /* UIViewController+GuitarBuddy.swift in Sources */,
				61223C3E1FEC25A700BFBAF0 /* GuitarBuddyTextField.swift in Sources */,
				44AD2BB41FDF5FF000A79F7B /* GBPasswordValidator.swift in Sources */,
				610363F51FE3325900DBD222 /* Song.swift in Sources */,
				61223C3B1FEC221B00BFBAF0 /* AddSongTableViewController.swift in Sources */,
				61223C421FECD45200BFBAF0 /* CreateSongRequest.swift in Sources */,
				440F88681FD86ED400806B5F /* AppDelegate.swift in Sources */,
				442B09B81FD8A0CD004EDF48 /* Environment.swift in Sources */,
				442B09BE1FD8A3F9004EDF48 /* GuitarBuddyUser.swift in Sources */,
				610363FA1FE333EF00DBD222 /* ReadSongsCommand.swift in Sources */,
				44D2EB331FD9026F00C3AFAB /* CreateAccountHeaderViewController.swift in Sources */,
				44AD2BC11FE0428F00A79F7B /* ErrorMapper.swift in Sources */,
				610363FC1FE3366E00DBD222 /* GuitarBuddyCommandHelper.swift in Sources */,
				44D2EB2F1FD901C200C3AFAB /* CreateAccountCoordinatorViewController.swift in Sources */,
				44DBD8C61FD8A4BB0023D2CC /* GuitarBuddyError.swift in Sources */,
				44F1B7E51FD9E390004A2850 /* ReadAuthenticationStateCommand.swift in Sources */,
			);
			runOnlyForDeploymentPostprocessing = 0;
		};
		440F88741FD86ED400806B5F /* Sources */ = {
			isa = PBXSourcesBuildPhase;
			buildActionMask = 2147483647;
			files = (
				440F887D1FD86ED500806B5F /* GuitarBuddyTests.swift in Sources */,
			);
			runOnlyForDeploymentPostprocessing = 0;
		};
		440F887F1FD86ED500806B5F /* Sources */ = {
			isa = PBXSourcesBuildPhase;
			buildActionMask = 2147483647;
			files = (
				440F88881FD86ED500806B5F /* GuitarBuddyUITests.swift in Sources */,
			);
			runOnlyForDeploymentPostprocessing = 0;
		};
/* End PBXSourcesBuildPhase section */

/* Begin PBXTargetDependency section */
		440F887A1FD86ED400806B5F /* PBXTargetDependency */ = {
			isa = PBXTargetDependency;
			target = 440F88631FD86ED400806B5F /* GuitarBuddy */;
			targetProxy = 440F88791FD86ED400806B5F /* PBXContainerItemProxy */;
		};
		440F88851FD86ED500806B5F /* PBXTargetDependency */ = {
			isa = PBXTargetDependency;
			target = 440F88631FD86ED400806B5F /* GuitarBuddy */;
			targetProxy = 440F88841FD86ED500806B5F /* PBXContainerItemProxy */;
		};
		442B09931FD87324004EDF48 /* PBXTargetDependency */ = {
			isa = PBXTargetDependency;
			name = "SPRingboard-iOS";
			targetProxy = 442B09921FD87324004EDF48 /* PBXContainerItemProxy */;
		};
/* End PBXTargetDependency section */

/* Begin PBXVariantGroup section */
		440F88701FD86ED400806B5F /* LaunchScreen.storyboard */ = {
			isa = PBXVariantGroup;
			children = (
				440F88711FD86ED400806B5F /* Base */,
			);
			name = LaunchScreen.storyboard;
			sourceTree = "<group>";
		};
/* End PBXVariantGroup section */

/* Begin XCBuildConfiguration section */
		440F888A1FD86ED500806B5F /* Debug */ = {
			isa = XCBuildConfiguration;
			buildSettings = {
				ALWAYS_SEARCH_USER_PATHS = NO;
				CLANG_ANALYZER_NONNULL = YES;
				CLANG_ANALYZER_NUMBER_OBJECT_CONVERSION = YES_AGGRESSIVE;
				CLANG_CXX_LANGUAGE_STANDARD = "gnu++14";
				CLANG_CXX_LIBRARY = "libc++";
				CLANG_ENABLE_MODULES = YES;
				CLANG_ENABLE_OBJC_ARC = YES;
				CLANG_WARN_BLOCK_CAPTURE_AUTORELEASING = YES;
				CLANG_WARN_BOOL_CONVERSION = YES;
				CLANG_WARN_COMMA = YES;
				CLANG_WARN_CONSTANT_CONVERSION = YES;
				CLANG_WARN_DIRECT_OBJC_ISA_USAGE = YES_ERROR;
				CLANG_WARN_DOCUMENTATION_COMMENTS = YES;
				CLANG_WARN_EMPTY_BODY = YES;
				CLANG_WARN_ENUM_CONVERSION = YES;
				CLANG_WARN_INFINITE_RECURSION = YES;
				CLANG_WARN_INT_CONVERSION = YES;
				CLANG_WARN_NON_LITERAL_NULL_CONVERSION = YES;
				CLANG_WARN_OBJC_LITERAL_CONVERSION = YES;
				CLANG_WARN_OBJC_ROOT_CLASS = YES_ERROR;
				CLANG_WARN_RANGE_LOOP_ANALYSIS = YES;
				CLANG_WARN_STRICT_PROTOTYPES = YES;
				CLANG_WARN_SUSPICIOUS_MOVE = YES;
				CLANG_WARN_UNGUARDED_AVAILABILITY = YES_AGGRESSIVE;
				CLANG_WARN_UNREACHABLE_CODE = YES;
				CLANG_WARN__DUPLICATE_METHOD_MATCH = YES;
				CODE_SIGN_IDENTITY = "iPhone Developer";
				COPY_PHASE_STRIP = NO;
				DEBUG_INFORMATION_FORMAT = dwarf;
				ENABLE_STRICT_OBJC_MSGSEND = YES;
				ENABLE_TESTABILITY = YES;
				GCC_C_LANGUAGE_STANDARD = gnu11;
				GCC_DYNAMIC_NO_PIC = NO;
				GCC_NO_COMMON_BLOCKS = YES;
				GCC_OPTIMIZATION_LEVEL = 0;
				GCC_PREPROCESSOR_DEFINITIONS = (
					"DEBUG=1",
					"$(inherited)",
				);
				GCC_WARN_64_TO_32_BIT_CONVERSION = YES;
				GCC_WARN_ABOUT_RETURN_TYPE = YES_ERROR;
				GCC_WARN_UNDECLARED_SELECTOR = YES;
				GCC_WARN_UNINITIALIZED_AUTOS = YES_AGGRESSIVE;
				GCC_WARN_UNUSED_FUNCTION = YES;
				GCC_WARN_UNUSED_VARIABLE = YES;
				IPHONEOS_DEPLOYMENT_TARGET = 11.1;
				MTL_ENABLE_DEBUG_INFO = YES;
				ONLY_ACTIVE_ARCH = YES;
				SDKROOT = iphoneos;
				SWIFT_ACTIVE_COMPILATION_CONDITIONS = DEBUG;
				SWIFT_OPTIMIZATION_LEVEL = "-Onone";
			};
			name = Debug;
		};
		440F888B1FD86ED500806B5F /* Release */ = {
			isa = XCBuildConfiguration;
			buildSettings = {
				ALWAYS_SEARCH_USER_PATHS = NO;
				CLANG_ANALYZER_NONNULL = YES;
				CLANG_ANALYZER_NUMBER_OBJECT_CONVERSION = YES_AGGRESSIVE;
				CLANG_CXX_LANGUAGE_STANDARD = "gnu++14";
				CLANG_CXX_LIBRARY = "libc++";
				CLANG_ENABLE_MODULES = YES;
				CLANG_ENABLE_OBJC_ARC = YES;
				CLANG_WARN_BLOCK_CAPTURE_AUTORELEASING = YES;
				CLANG_WARN_BOOL_CONVERSION = YES;
				CLANG_WARN_COMMA = YES;
				CLANG_WARN_CONSTANT_CONVERSION = YES;
				CLANG_WARN_DIRECT_OBJC_ISA_USAGE = YES_ERROR;
				CLANG_WARN_DOCUMENTATION_COMMENTS = YES;
				CLANG_WARN_EMPTY_BODY = YES;
				CLANG_WARN_ENUM_CONVERSION = YES;
				CLANG_WARN_INFINITE_RECURSION = YES;
				CLANG_WARN_INT_CONVERSION = YES;
				CLANG_WARN_NON_LITERAL_NULL_CONVERSION = YES;
				CLANG_WARN_OBJC_LITERAL_CONVERSION = YES;
				CLANG_WARN_OBJC_ROOT_CLASS = YES_ERROR;
				CLANG_WARN_RANGE_LOOP_ANALYSIS = YES;
				CLANG_WARN_STRICT_PROTOTYPES = YES;
				CLANG_WARN_SUSPICIOUS_MOVE = YES;
				CLANG_WARN_UNGUARDED_AVAILABILITY = YES_AGGRESSIVE;
				CLANG_WARN_UNREACHABLE_CODE = YES;
				CLANG_WARN__DUPLICATE_METHOD_MATCH = YES;
				CODE_SIGN_IDENTITY = "iPhone Developer";
				COPY_PHASE_STRIP = NO;
				DEBUG_INFORMATION_FORMAT = "dwarf-with-dsym";
				ENABLE_NS_ASSERTIONS = NO;
				ENABLE_STRICT_OBJC_MSGSEND = YES;
				GCC_C_LANGUAGE_STANDARD = gnu11;
				GCC_NO_COMMON_BLOCKS = YES;
				GCC_WARN_64_TO_32_BIT_CONVERSION = YES;
				GCC_WARN_ABOUT_RETURN_TYPE = YES_ERROR;
				GCC_WARN_UNDECLARED_SELECTOR = YES;
				GCC_WARN_UNINITIALIZED_AUTOS = YES_AGGRESSIVE;
				GCC_WARN_UNUSED_FUNCTION = YES;
				GCC_WARN_UNUSED_VARIABLE = YES;
				IPHONEOS_DEPLOYMENT_TARGET = 11.1;
				MTL_ENABLE_DEBUG_INFO = NO;
				SDKROOT = iphoneos;
				SWIFT_OPTIMIZATION_LEVEL = "-Owholemodule";
				VALIDATE_PRODUCT = YES;
			};
			name = Release;
		};
		440F888D1FD86ED500806B5F /* Debug */ = {
			isa = XCBuildConfiguration;
			baseConfigurationReference = 065F2EA0B020378B5A93A21D /* Pods-GuitarBuddy.debug.xcconfig */;
			buildSettings = {
				ALWAYS_EMBED_SWIFT_STANDARD_LIBRARIES = YES;
				ASSETCATALOG_COMPILER_APPICON_NAME = AppIcon;
				"CODE_SIGN_IDENTITY[sdk=iphoneos*]" = "iPhone Developer";
				CODE_SIGN_STYLE = Automatic;
				DEVELOPMENT_TEAM = GREW8M86PK;
				INFOPLIST_FILE = "$(SRCROOT)/GuitarBuddy/Application/Info.plist";
				IPHONEOS_DEPLOYMENT_TARGET = 11.0;
				LD_RUNPATH_SEARCH_PATHS = "$(inherited) @executable_path/Frameworks";
				PRODUCT_BUNDLE_IDENTIFIER = com.seagullman.GuitarBuddyy;
				PRODUCT_NAME = "$(TARGET_NAME)";
				PROVISIONING_PROFILE_SPECIFIER = "";
				SWIFT_VERSION = 4.0;
				TARGETED_DEVICE_FAMILY = "1,2";
			};
			name = Debug;
		};
		440F888E1FD86ED500806B5F /* Release */ = {
			isa = XCBuildConfiguration;
			baseConfigurationReference = EEA71020EA3246CCE0218E33 /* Pods-GuitarBuddy.release.xcconfig */;
			buildSettings = {
				ALWAYS_EMBED_SWIFT_STANDARD_LIBRARIES = YES;
				ASSETCATALOG_COMPILER_APPICON_NAME = AppIcon;
				"CODE_SIGN_IDENTITY[sdk=iphoneos*]" = "iPhone Developer";
				CODE_SIGN_STYLE = Automatic;
				DEVELOPMENT_TEAM = GREW8M86PK;
				INFOPLIST_FILE = "$(SRCROOT)/GuitarBuddy/Application/Info.plist";
				IPHONEOS_DEPLOYMENT_TARGET = 11.0;
				LD_RUNPATH_SEARCH_PATHS = "$(inherited) @executable_path/Frameworks";
				PRODUCT_BUNDLE_IDENTIFIER = com.seagullman.GuitarBuddyy;
				PRODUCT_NAME = "$(TARGET_NAME)";
				PROVISIONING_PROFILE_SPECIFIER = "";
				SWIFT_VERSION = 4.0;
				TARGETED_DEVICE_FAMILY = "1,2";
			};
			name = Release;
		};
		440F88901FD86ED500806B5F /* Debug */ = {
			isa = XCBuildConfiguration;
			baseConfigurationReference = D44BA3B1FC409E102196B1AD /* Pods-GuitarBuddyTests.debug.xcconfig */;
			buildSettings = {
				ALWAYS_EMBED_SWIFT_STANDARD_LIBRARIES = YES;
				BUNDLE_LOADER = "$(TEST_HOST)";
				CODE_SIGN_STYLE = Automatic;
				DEVELOPMENT_TEAM = FG657ZH6EU;
				INFOPLIST_FILE = GuitarBuddyTests/Info.plist;
				LD_RUNPATH_SEARCH_PATHS = "$(inherited) @executable_path/Frameworks @loader_path/Frameworks";
				PRODUCT_BUNDLE_IDENTIFIER = com.seagullman.GuitarBuddyTests;
				PRODUCT_NAME = "$(TARGET_NAME)";
				SWIFT_VERSION = 4.0;
				TARGETED_DEVICE_FAMILY = "1,2";
				TEST_HOST = "$(BUILT_PRODUCTS_DIR)/GuitarBuddy.app/GuitarBuddy";
			};
			name = Debug;
		};
		440F88911FD86ED500806B5F /* Release */ = {
			isa = XCBuildConfiguration;
			baseConfigurationReference = 67C86E8E7BEE731E94826030 /* Pods-GuitarBuddyTests.release.xcconfig */;
			buildSettings = {
				ALWAYS_EMBED_SWIFT_STANDARD_LIBRARIES = YES;
				BUNDLE_LOADER = "$(TEST_HOST)";
				CODE_SIGN_STYLE = Automatic;
				DEVELOPMENT_TEAM = FG657ZH6EU;
				INFOPLIST_FILE = GuitarBuddyTests/Info.plist;
				LD_RUNPATH_SEARCH_PATHS = "$(inherited) @executable_path/Frameworks @loader_path/Frameworks";
				PRODUCT_BUNDLE_IDENTIFIER = com.seagullman.GuitarBuddyTests;
				PRODUCT_NAME = "$(TARGET_NAME)";
				SWIFT_VERSION = 4.0;
				TARGETED_DEVICE_FAMILY = "1,2";
				TEST_HOST = "$(BUILT_PRODUCTS_DIR)/GuitarBuddy.app/GuitarBuddy";
			};
			name = Release;
		};
		440F88931FD86ED500806B5F /* Debug */ = {
			isa = XCBuildConfiguration;
			baseConfigurationReference = 162BA39A81846303936E01E1 /* Pods-GuitarBuddyUITests.debug.xcconfig */;
			buildSettings = {
				ALWAYS_EMBED_SWIFT_STANDARD_LIBRARIES = YES;
				CODE_SIGN_STYLE = Automatic;
				DEVELOPMENT_TEAM = FG657ZH6EU;
				INFOPLIST_FILE = GuitarBuddyUITests/Info.plist;
				LD_RUNPATH_SEARCH_PATHS = "$(inherited) @executable_path/Frameworks @loader_path/Frameworks";
				PRODUCT_BUNDLE_IDENTIFIER = com.seagullman.GuitarBuddyUITests;
				PRODUCT_NAME = "$(TARGET_NAME)";
				SWIFT_VERSION = 4.0;
				TARGETED_DEVICE_FAMILY = "1,2";
				TEST_TARGET_NAME = GuitarBuddy;
			};
			name = Debug;
		};
		440F88941FD86ED500806B5F /* Release */ = {
			isa = XCBuildConfiguration;
			baseConfigurationReference = 9BB2FFC0326577749A405E9E /* Pods-GuitarBuddyUITests.release.xcconfig */;
			buildSettings = {
				ALWAYS_EMBED_SWIFT_STANDARD_LIBRARIES = YES;
				CODE_SIGN_STYLE = Automatic;
				DEVELOPMENT_TEAM = FG657ZH6EU;
				INFOPLIST_FILE = GuitarBuddyUITests/Info.plist;
				LD_RUNPATH_SEARCH_PATHS = "$(inherited) @executable_path/Frameworks @loader_path/Frameworks";
				PRODUCT_BUNDLE_IDENTIFIER = com.seagullman.GuitarBuddyUITests;
				PRODUCT_NAME = "$(TARGET_NAME)";
				SWIFT_VERSION = 4.0;
				TARGETED_DEVICE_FAMILY = "1,2";
				TEST_TARGET_NAME = GuitarBuddy;
			};
			name = Release;
		};
/* End XCBuildConfiguration section */

/* Begin XCConfigurationList section */
		440F885F1FD86ED400806B5F /* Build configuration list for PBXProject "GuitarBuddy" */ = {
			isa = XCConfigurationList;
			buildConfigurations = (
				440F888A1FD86ED500806B5F /* Debug */,
				440F888B1FD86ED500806B5F /* Release */,
			);
			defaultConfigurationIsVisible = 0;
			defaultConfigurationName = Release;
		};
		440F888C1FD86ED500806B5F /* Build configuration list for PBXNativeTarget "GuitarBuddy" */ = {
			isa = XCConfigurationList;
			buildConfigurations = (
				440F888D1FD86ED500806B5F /* Debug */,
				440F888E1FD86ED500806B5F /* Release */,
			);
			defaultConfigurationIsVisible = 0;
			defaultConfigurationName = Release;
		};
		440F888F1FD86ED500806B5F /* Build configuration list for PBXNativeTarget "GuitarBuddyTests" */ = {
			isa = XCConfigurationList;
			buildConfigurations = (
				440F88901FD86ED500806B5F /* Debug */,
				440F88911FD86ED500806B5F /* Release */,
			);
			defaultConfigurationIsVisible = 0;
			defaultConfigurationName = Release;
		};
		440F88921FD86ED500806B5F /* Build configuration list for PBXNativeTarget "GuitarBuddyUITests" */ = {
			isa = XCConfigurationList;
			buildConfigurations = (
				440F88931FD86ED500806B5F /* Debug */,
				440F88941FD86ED500806B5F /* Release */,
			);
			defaultConfigurationIsVisible = 0;
			defaultConfigurationName = Release;
		};
/* End XCConfigurationList section */
	};
	rootObject = 440F885C1FD86ED400806B5F /* Project object */;
}
